<?xml version="1.0" encoding="utf-8"?>
<Project ToolsVersion="4.0" xmlns="http://schemas.microsoft.com/developer/msbuild/2003">
  <ItemGroup>
    <Filter Include="Source Files">
      <UniqueIdentifier>{4FC737F1-C7A5-4376-A066-2A32D752A2FF}</UniqueIdentifier>
      <Extensions>cpp;c;cc;cxx;c++;cppm;ixx;def;odl;idl;hpj;bat;asm;asmx</Extensions>
    </Filter>
    <Filter Include="Header Files">
      <UniqueIdentifier>{93995380-89BD-4b04-88EB-625FBE52EBFB}</UniqueIdentifier>
      <Extensions>h;hh;hpp;hxx;h++;hm;inl;inc;ipp;xsd</Extensions>
    </Filter>
    <Filter Include="Resource Files">
      <UniqueIdentifier>{67DA6AB6-F800-4c08-8B7A-83BB121AAD01}</UniqueIdentifier>
      <Extensions>rc;ico;cur;bmp;dlg;rc2;rct;bin;rgs;gif;jpg;jpeg;jpe;resx;tiff;tif;png;wav;mfcribbon-ms</Extensions>
    </Filter>
    <Filter Include="mvm">
      <UniqueIdentifier>{87bc45c3-8482-49ce-83ea-ce7fac71d5f7}</UniqueIdentifier>
    </Filter>
    <Filter Include="mvm\inc">
      <UniqueIdentifier>{23fc9d7f-8b37-4df3-9e8b-88c2e4d716b2}</UniqueIdentifier>
    </Filter>
    <Filter Include="mvm\src">
      <UniqueIdentifier>{393b1025-d8ca-4e77-aa53-4dd6af90a01d}</UniqueIdentifier>
    </Filter>
  </ItemGroup>
  <ItemGroup>
    <ClCompile Include="mvmtool.cpp">
      <Filter>Source Files</Filter>
    </ClCompile>
    <ClCompile Include="mvm\src\mvm_class_loader.cpp">
      <Filter>mvm\src</Filter>
    </ClCompile>
    <ClCompile Include="mvm\src\mvm_const_pool.cpp">
      <Filter>mvm\src</Filter>
    </ClCompile>
    <ClCompile Include="mvm\src\mvm_data_reader.cpp">
      <Filter>mvm\src</Filter>
    </ClCompile>
    <ClCompile Include="mvm\src\mvm_type.cpp">
      <Filter>mvm\src</Filter>
    </ClCompile>
    <ClCompile Include="mvm\src\mvm_attributes.cpp">
      <Filter>mvm\src</Filter>
    </ClCompile>
    <ClCompile Include="mvm\src\mvm_info.cpp">
      <Filter>mvm\src</Filter>
    </ClCompile>
  </ItemGroup>
  <ItemGroup>
    <ClInclude Include="mvm\inc\mvm_class_loader.h">
      <Filter>mvm\inc</Filter>
    </ClInclude>
    <ClInclude Include="mvm\inc\mvm_const_pool.h">
      <Filter>mvm\inc</Filter>
    </ClInclude>
    <ClInclude Include="mvm\inc\mvm_data_reader.h">
      <Filter>mvm\inc</Filter>
    </ClInclude>
    <ClInclude Include="mvm\inc\mvm_type.h">
      <Filter>mvm\inc</Filter>
    </ClInclude>
    <ClInclude Include="mvm\inc\mvm_info.h">
      <Filter>mvm\inc</Filter>
    </ClInclude>
    <ClInclude Include="mvm\inc\mvm_attributes.h">
      <Filter>mvm\inc</Filter>
    </ClInclude>
  </ItemGroup>
</Project>